{
    "_meta": {
        "hash": {
            "sha256": "b64f686991ba4a35be1ebc78fa6bfef1641f9d8758f8638806a674727c5bb5db"
        },
        "pipfile-spec": 6,
        "requires": {
            "python_version": "3.10"
        },
        "sources": [
            {
                "name": "pypi",
                "url": "https://pypi.org/simple",
                "verify_ssl": true
            }
        ]
    },
    "default": {
        "attrs": {
            "hashes": [
                "sha256:1f28b4522cdc2fb4256ac1a020c78acf9cba2c6b461ccd2c126f3aa8e8335d04",
                "sha256:6279836d581513a26f1bf235f9acd333bc9115683f14f7e8fae46c98fc50e015"
            ],
            "markers": "python_version >= '3.7'",
            "version": "==23.1.0"
        },
        "cmd2": {
            "hashes": [
                "sha256:71873c11f72bd19e2b1db578214716f0d4f7c8fa250093c601265a9a717dee52",
                "sha256:f1988ff2fff0ed812a2d25218a081b0fa0108d45b48ba2a9272bb98091b654e6"
            ],
            "markers": "python_version >= '3.6'",
            "version": "==2.4.3"
        },
        "mypackage": {
            "hashes": [
                "sha256:abb5f969061f0eabd4dbcaa5ba54933cd6c5160b90eef6dd4510c2940ab6a70b"
            ],
            "index": "pypi",
            "version": "==0.1"
        },
        "pyperclip": {
            "hashes": [
                "sha256:105254a8b04934f0bc84e9c24eb360a591aaf6535c9def5f29d92af107a9bf57"
            ],
            "version": "==1.8.2"
        },
        "pyreadline3": {
            "hashes": [
                "sha256:6f3d1f7b8a31ba32b73917cefc1f28cc660562f39aea8646d30bd6eff21f7bae",
                "sha256:b0efb6516fd4fb07b45949053826a62fa4cb353db5be2bbb4a7aa1fdd1e345fb"
            ],
            "markers": "sys_platform == 'win32'",
            "version": "==3.4.1"
        },
        "wcwidth": {
            "hashes": [
                "sha256:795b138f6875577cd91bba52baf9e445cd5118fd32723b460e30a0af30ea230e",
                "sha256:a5220780a404dbe3353789870978e472cfe477761f06ee55077256e509b156d0"
            ],
            "version": "==0.2.6"
        }
    },
    "develop": {}
}
